
Microsoft Visual Studio Solution File, Format Version 12.00
# Visual Studio Version 16
VisualStudioVersion = 16.0.810.9
MinimumVisualStudioVersion = 10.0.40219.1
Project("{FAE04EC0-301F-11D3-BF4B-00C04F79EFBC}") = "AirlineService", "AirlineService\AirlineService.csproj", "{997C5808-0346-497B-B252-70320E412F26}"
EndProject
Project("{FAE04EC0-301F-11D3-BF4B-00C04F79EFBC}") = "AirlineService.Data", "AirlineService.Data\AirlineService.Data.csproj", "{A8804716-76AD-4E58-801B-6D166360B789}"
EndProject
Global
	GlobalSection(SolutionConfigurationPlatforms) = preSolution
		Debug|Any CPU = Debug|Any CPU
		Release|Any CPU = Release|Any CPU
	EndGlobalSection
	GlobalSection(ProjectConfigurationPlatforms) = postSolution
		{997C5808-0346-497B-B252-70320E412F26}.Debug|Any CPU.ActiveCfg = Debug|Any CPU
		{997C5808-0346-497B-B252-70320E412F26}.Debug|Any CPU.Build.0 = Debug|Any CPU
		{997C5808-0346-497B-B252-70320E412F26}.Release|Any CPU.ActiveCfg = Release|Any CPU
		{997C5808-0346-497B-B252-70320E412F26}.Release|Any CPU.Build.0 = Release|Any CPU
		{A8804716-76AD-4E58-801B-6D166360B789}.Debug|Any CPU.ActiveCfg = Debug|Any CPU
		{A8804716-76AD-4E58-801B-6D166360B789}.Debug|Any CPU.Build.0 = Debug|Any CPU
		{A8804716-76AD-4E58-801B-6D166360B789}.Release|Any CPU.ActiveCfg = Release|Any CPU
		{A8804716-76AD-4E58-801B-6D166360B789}.Release|Any CPU.Build.0 = Release|Any CPU
	EndGlobalSection
	GlobalSection(SolutionProperties) = preSolution
		HideSolutionNode = FALSE
	EndGlobalSection
	GlobalSection(ExtensibilityGlobals) = postSolution
		SolutionGuid = {ADE9BE20-2E06-47CA-A1D1-B6531D082303}
	EndGlobalSection
EndGlobal
